// !$*UTF8*$!
{
	archiveVersion = 1;
	classes = {
	};
	objectVersion = 77;
	objects = {

/* Begin PBXContainerItemProxy section */
		39BBEC4A2DCF041100D012B5 /* PBXContainerItemProxy */ = {
			isa = PBXContainerItemProxy;
			containerPortal = 39BBEC342DCF040D00D012B5 /* Project object */;
			proxyType = 1;
			remoteGlobalIDString = 39BBEC3B2DCF040D00D012B5;
			remoteInfo = swiftUITest;
		};
		39BBEC542DCF041100D012B5 /* PBXContainerItemProxy */ = {
			isa = PBXContainerItemProxy;
			containerPortal = 39BBEC342DCF040D00D012B5 /* Project object */;
			proxyType = 1;
			remoteGlobalIDString = 39BBEC3B2DCF040D00D012B5;
			remoteInfo = swiftUITest;
		};
/* End PBXContainerItemProxy section */

/* Begin PBXFileReference section */
		39BBEC3C2DCF040D00D012B5 /* swiftUITest.app */ = {isa = PBXFileReference; explicitFileType = wrapper.application; includeInIndex = 0; path = swiftUITest.app; sourceTree = BUILT_PRODUCTS_DIR; };
		39BBEC492DCF041100D012B5 /* swiftUITestTests.xctest */ = {isa = PBXFileReference; explicitFileType = wrapper.cfbundle; includeInIndex = 0; path = swiftUITestTests.xctest; sourceTree = BUILT_PRODUCTS_DIR; };
		39BBEC532DCF041100D012B5 /* swiftUITestUITests.xctest */ = {isa = PBXFileReference; explicitFileType = wrapper.cfbundle; includeInIndex = 0; path = swiftUITestUITests.xctest; sourceTree = BUILT_PRODUCTS_DIR; };
/* End PBXFileReference section */

/* Begin PBXFileSystemSynchronizedBuildFileExceptionSet section */
		39BBEC702DCF73CA00D012B5 /* Exceptions for "swiftUITest" folder in "swiftUITest" target */ = {
			isa = PBXFileSystemSynchronizedBuildFileExceptionSet;
			membershipExceptions = (
				Info.plist,
			);
			target = 39BBEC3B2DCF040D00D012B5 /* swiftUITest */;
		};
/* End PBXFileSystemSynchronizedBuildFileExceptionSet section */

/* Begin PBXFileSystemSynchronizedRootGroup section */
		39BBEC3E2DCF040D00D012B5 /* swiftUITest */ = {
			isa = PBXFileSystemSynchronizedRootGroup;
			exceptions = (
				39BBEC702DCF73CA00D012B5 /* Exceptions for "swiftUITest" folder in "swiftUITest" target */,
			);
			path = swiftUITest;
			sourceTree = "<group>";
		};
		39BBEC4C2DCF041100D012B5 /* swiftUITestTests */ = {
			isa = PBXFileSystemSynchronizedRootGroup;
			path = swiftUITestTests;
			sourceTree = "<group>";
		};
		39BBEC562DCF041100D012B5 /* swiftUITestUITests */ = {
			isa = PBXFileSystemSynchronizedRootGroup;
			path = swiftUITestUITests;
			sourceTree = "<group>";
		};
/* End PBXFileSystemSynchronizedRootGroup section */

/* Begin PBXFrameworksBuildPhase section */
		39BBEC392DCF040D00D012B5 /* Frameworks */ = {
			isa = PBXFrameworksBuildPhase;
			buildActionMask = 2147483647;
			files = (
			);
			runOnlyForDeploymentPostprocessing = 0;
		};
		39BBEC462DCF041100D012B5 /* Frameworks */ = {
			isa = PBXFrameworksBuildPhase;
			buildActionMask = 2147483647;
			files = (
			);
			runOnlyForDeploymentPostprocessing = 0;
		};
		39BBEC502DCF041100D012B5 /* Frameworks */ = {
			isa = PBXFrameworksBuildPhase;
			buildActionMask = 2147483647;
			files = (
			);
			runOnlyForDeploymentPostprocessing = 0;
		};
/* End PBXFrameworksBuildPhase section */

/* Begin PBXGroup section */
		39BBEC332DCF040D00D012B5 = {
			isa = PBXGroup;
			children = (
				39BBEC3E2DCF040D00D012B5 /* swiftUITest */,
				39BBEC4C2DCF041100D012B5 /* swiftUITestTests */,
				39BBEC562DCF041100D012B5 /* swiftUITestUITests */,
				39BBEC3D2DCF040D00D012B5 /* Products */,
			);
			sourceTree = "<group>";
		};
		39BBEC3D2DCF040D00D012B5 /* Products */ = {
			isa = PBXGroup;
			children = (
				39BBEC3C2DCF040D00D012B5 /* swiftUITest.app */,
				39BBEC492DCF041100D012B5 /* swiftUITestTests.xctest */,
				39BBEC532DCF041100D012B5 /* swiftUITestUITests.xctest */,
			);
			name = Products;
			sourceTree = "<group>";
		};
/* End PBXGroup section */

/* Begin PBXNativeTarget section */
		39BBEC3B2DCF040D00D012B5 /* swiftUITest */ = {
			isa = PBXNativeTarget;
			buildConfigurationList = 39BBEC5D2DCF041100D012B5 /* Build configuration list for PBXNativeTarget "swiftUITest" */;
			buildPhases = (
				39BBEC382DCF040D00D012B5 /* Sources */,
				39BBEC392DCF040D00D012B5 /* Frameworks */,
				39BBEC3A2DCF040D00D012B5 /* Resources */,
				39BBEC982DCF9B7200D012B5 /* ShellScript */,
			);
			buildRules = (
			);
			dependencies = (
			);
			fileSystemSynchronizedGroups = (
				39BBEC3E2DCF040D00D012B5 /* swiftUITest */,
			);
			name = swiftUITest;
			packageProductDependencies = (
			);
			productName = swiftUITest;
			productReference = 39BBEC3C2DCF040D00D012B5 /* swiftUITest.app */;
			productType = "com.apple.product-type.application";
		};
		39BBEC482DCF041100D012B5 /* swiftUITestTests */ = {
			isa = PBXNativeTarget;
			buildConfigurationList = 39BBEC602DCF041100D012B5 /* Build configuration list for PBXNativeTarget "swiftUITestTests" */;
			buildPhases = (
				39BBEC452DCF041100D012B5 /* Sources */,
				39BBEC462DCF041100D012B5 /* Frameworks */,
				39BBEC472DCF041100D012B5 /* Resources */,
			);
			buildRules = (
			);
			dependencies = (
				39BBEC4B2DCF041100D012B5 /* PBXTargetDependency */,
			);
			fileSystemSynchronizedGroups = (
				39BBEC4C2DCF041100D012B5 /* swiftUITestTests */,
			);
			name = swiftUITestTests;
			packageProductDependencies = (
			);
			productName = swiftUITestTests;
			productReference = 39BBEC492DCF041100D012B5 /* swiftUITestTests.xctest */;
			productType = "com.apple.product-type.bundle.unit-test";
		};
		39BBEC522DCF041100D012B5 /* swiftUITestUITests */ = {
			isa = PBXNativeTarget;
			buildConfigurationList = 39BBEC632DCF041100D012B5 /* Build configuration list for PBXNativeTarget "swiftUITestUITests" */;
			buildPhases = (
				39BBEC4F2DCF041100D012B5 /* Sources */,
				39BBEC502DCF041100D012B5 /* Frameworks */,
				39BBEC512DCF041100D012B5 /* Resources */,
			);
			buildRules = (
			);
			dependencies = (
				39BBEC552DCF041100D012B5 /* PBXTargetDependency */,
			);
			fileSystemSynchronizedGroups = (
				39BBEC562DCF041100D012B5 /* swiftUITestUITests */,
			);
			name = swiftUITestUITests;
			packageProductDependencies = (
			);
			productName = swiftUITestUITests;
			productReference = 39BBEC532DCF041100D012B5 /* swiftUITestUITests.xctest */;
			productType = "com.apple.product-type.bundle.ui-testing";
		};
/* End PBXNativeTarget section */

/* Begin PBXProject section */
		39BBEC342DCF040D00D012B5 /* Project object */ = {
			isa = PBXProject;
			attributes = {
				BuildIndependentTargetsInParallel = 1;
				LastSwiftUpdateCheck = 1630;
				LastUpgradeCheck = 1630;
				TargetAttributes = {
					39BBEC3B2DCF040D00D012B5 = {
						CreatedOnToolsVersion = 16.3;
					};
					39BBEC482DCF041100D012B5 = {
						CreatedOnToolsVersion = 16.3;
						TestTargetID = 39BBEC3B2DCF040D00D012B5;
					};
					39BBEC522DCF041100D012B5 = {
						CreatedOnToolsVersion = 16.3;
						TestTargetID = 39BBEC3B2DCF040D00D012B5;
					};
				};
			};
			buildConfigurationList = 39BBEC372DCF040D00D012B5 /* Build configuration list for PBXProject "swiftUITest" */;
			developmentRegion = en;
			hasScannedForEncodings = 0;
			knownRegions = (
				en,
				Base,
			);
			mainGroup = 39BBEC332DCF040D00D012B5;
			minimizedProjectReferenceProxies = 1;
			preferredProjectObjectVersion = 77;
			productRefGroup = 39BBEC3D2DCF040D00D012B5 /* Products */;
			projectDirPath = "";
			projectRoot = "";
			targets = (
				39BBEC3B2DCF040D00D012B5 /* swiftUITest */,
				39BBEC482DCF041100D012B5 /* swiftUITestTests */,
				39BBEC522DCF041100D012B5 /* swiftUITestUITests */,
			);
		};
/* End PBXProject section */

/* Begin PBXResourcesBuildPhase section */
		39BBEC3A2DCF040D00D012B5 /* Resources */ = {
			isa = PBXResourcesBuildPhase;
			buildActionMask = 2147483647;
			files = (
			);
			runOnlyForDeploymentPostprocessing = 0;
		};
		39BBEC472DCF041100D012B5 /* Resources */ = {
			isa = PBXResourcesBuildPhase;
			buildActionMask = 2147483647;
			files = (
			);
			runOnlyForDeploymentPostprocessing = 0;
		};
		39BBEC512DCF041100D012B5 /* Resources */ = {
			isa = PBXResourcesBuildPhase;
			buildActionMask = 2147483647;
			files = (
			);
			runOnlyForDeploymentPostprocessing = 0;
		};
/* End PBXResourcesBuildPhase section */

/* Begin PBXShellScriptBuildPhase section */
		39BBEC982DCF9B7200D012B5 /* ShellScript */ = {
			isa = PBXShellScriptBuildPhase;
			buildActionMask = 2147483647;
			files = (
			);
			inputFileListPaths = (
			);
			inputPaths = (
			);
			outputFileListPaths = (
			);
			outputPaths = (
			);
			runOnlyForDeploymentPostprocessing = 0;
			shellPath = /bin/sh;
			shellScript = "# Type a script or drag a script file from your workspace to insert its path.\nif [[ \"$(uname -m)\" == arm64 ]]; then\n  export PATH=\"/opt/homebrew/bin:$PATH\"\nfi\n\nif which swiftlint > /dev/null; then\n  swiftlint\nelse\n  echo \"warning: SwiftLint not installed, download from https://github.com/realm/SwiftLint\"\nfi\n";
		};
/* End PBXShellScriptBuildPhase section */

/* Begin PBXSourcesBuildPhase section */
		39BBEC382DCF040D00D012B5 /* Sources */ = {
			isa = PBXSourcesBuildPhase;
			buildActionMask = 2147483647;
			files = (
			);
			runOnlyForDeploymentPostprocessing = 0;
		};
		39BBEC452DCF041100D012B5 /* Sources */ = {
			isa = PBXSourcesBuildPhase;
			buildActionMask = 2147483647;
			files = (
			);
			runOnlyForDeploymentPostprocessing = 0;
		};
		39BBEC4F2DCF041100D012B5 /* Sources */ = {
			isa = PBXSourcesBuildPhase;
			buildActionMask = 2147483647;
			files = (
			);
			runOnlyForDeploymentPostprocessing = 0;
		};
/* End PBXSourcesBuildPhase section */

/* Begin PBXTargetDependency section */
		39BBEC4B2DCF041100D012B5 /* PBXTargetDependency */ = {
			isa = PBXTargetDependency;
			target = 39BBEC3B2DCF040D00D012B5 /* swiftUITest */;
			targetProxy = 39BBEC4A2DCF041100D012B5 /* PBXContainerItemProxy */;
		};
		39BBEC552DCF041100D012B5 /* PBXTargetDependency */ = {
			isa = PBXTargetDependency;
			target = 39BBEC3B2DCF040D00D012B5 /* swiftUITest */;
			targetProxy = 39BBEC542DCF041100D012B5 /* PBXContainerItemProxy */;
		};
/* End PBXTargetDependency section */

/* Begin XCBuildConfiguration section */
		39BBEC5B2DCF041100D012B5 /* Debug */ = {
			isa = XCBuildConfiguration;
			buildSettings = {
				ALWAYS_SEARCH_USER_PATHS = NO;
				ASSETCATALOG_COMPILER_GENERATE_SWIFT_ASSET_SYMBOL_EXTENSIONS = YES;
				CLANG_ANALYZER_NONNULL = YES;
				CLANG_ANALYZER_NUMBER_OBJECT_CONVERSION = YES_AGGRESSIVE;
				CLANG_CXX_LANGUAGE_STANDARD = "gnu++20";
				CLANG_ENABLE_MODULES = YES;
				CLANG_ENABLE_OBJC_ARC = YES;
				CLANG_ENABLE_OBJC_WEAK = YES;
				CLANG_WARN_BLOCK_CAPTURE_AUTORELEASING = YES;
				CLANG_WARN_BOOL_CONVERSION = YES;
				CLANG_WARN_COMMA = YES;
				CLANG_WARN_CONSTANT_CONVERSION = YES;
				CLANG_WARN_DEPRECATED_OBJC_IMPLEMENTATIONS = YES;
				CLANG_WARN_DIRECT_OBJC_ISA_USAGE = YES_ERROR;
				CLANG_WARN_DOCUMENTATION_COMMENTS = YES;
				CLANG_WARN_EMPTY_BODY = YES;
				CLANG_WARN_ENUM_CONVERSION = YES;
				CLANG_WARN_INFINITE_RECURSION = YES;
				CLANG_WARN_INT_CONVERSION = YES;
				CLANG_WARN_NON_LITERAL_NULL_CONVERSION = YES;
				CLANG_WARN_OBJC_IMPLICIT_RETAIN_SELF = YES;
				CLANG_WARN_OBJC_LITERAL_CONVERSION = YES;
				CLANG_WARN_OBJC_ROOT_CLASS = YES_ERROR;
				CLANG_WARN_QUOTED_INCLUDE_IN_FRAMEWORK_HEADER = YES;
				CLANG_WARN_RANGE_LOOP_ANALYSIS = YES;
				CLANG_WARN_STRICT_PROTOTYPES = YES;
				CLANG_WARN_SUSPICIOUS_MOVE = YES;
				CLANG_WARN_UNGUARDED_AVAILABILITY = YES_AGGRESSIVE;
				CLANG_WARN_UNREACHABLE_CODE = YES;
				CLANG_WARN__DUPLICATE_METHOD_MATCH = YES;
				COPY_PHASE_STRIP = NO;
				DEBUG_INFORMATION_FORMAT = dwarf;
				DEVELOPMENT_TEAM = RV8UD4KFKA;
				ENABLE_STRICT_OBJC_MSGSEND = YES;
				ENABLE_TESTABILITY = YES;
				ENABLE_USER_SCRIPT_SANDBOXING = YES;
				GCC_C_LANGUAGE_STANDARD = gnu17;
				GCC_DYNAMIC_NO_PIC = NO;
				GCC_NO_COMMON_BLOCKS = YES;
				GCC_OPTIMIZATION_LEVEL = 0;
				GCC_PREPROCESSOR_DEFINITIONS = (
					"DEBUG=1",
					"$(inherited)",
				);
				GCC_WARN_64_TO_32_BIT_CONVERSION = YES;
				GCC_WARN_ABOUT_RETURN_TYPE = YES_ERROR;
				GCC_WARN_UNDECLARED_SELECTOR = YES;
				GCC_WARN_UNINITIALIZED_AUTOS = YES_AGGRESSIVE;
				GCC_WARN_UNUSED_FUNCTION = YES;
				GCC_WARN_UNUSED_VARIABLE = YES;
				IPHONEOS_DEPLOYMENT_TARGET = 18.4;
				LOCALIZATION_PREFERS_STRING_CATALOGS = YES;
				MTL_ENABLE_DEBUG_INFO = INCLUDE_SOURCE;
				MTL_FAST_MATH = YES;
				ONLY_ACTIVE_ARCH = YES;
				SDKROOT = iphoneos;
				SWIFT_ACTIVE_COMPILATION_CONDITIONS = "DEBUG $(inherited)";
				SWIFT_OPTIMIZATION_LEVEL = "-Onone";
			};
			name = Debug;
		};
		39BBEC5C2DCF041100D012B5 /* Release */ = {
			isa = XCBuildConfiguration;
			buildSettings = {
				ALWAYS_SEARCH_USER_PATHS = NO;
				ASSETCATALOG_COMPILER_GENERATE_SWIFT_ASSET_SYMBOL_EXTENSIONS = YES;
				CLANG_ANALYZER_NONNULL = YES;
				CLANG_ANALYZER_NUMBER_OBJECT_CONVERSION = YES_AGGRESSIVE;
				CLANG_CXX_LANGUAGE_STANDARD = "gnu++20";
				CLANG_ENABLE_MODULES = YES;
				CLANG_ENABLE_OBJC_ARC = YES;
				CLANG_ENABLE_OBJC_WEAK = YES;
				CLANG_WARN_BLOCK_CAPTURE_AUTORELEASING = YES;
				CLANG_WARN_BOOL_CONVERSION = YES;
				CLANG_WARN_COMMA = YES;
				CLANG_WARN_CONSTANT_CONVERSION = YES;
				CLANG_WARN_DEPRECATED_OBJC_IMPLEMENTATIONS = YES;
				CLANG_WARN_DIRECT_OBJC_ISA_USAGE = YES_ERROR;
				CLANG_WARN_DOCUMENTATION_COMMENTS = YES;
				CLANG_WARN_EMPTY_BODY = YES;
				CLANG_WARN_ENUM_CONVERSION = YES;
				CLANG_WARN_INFINITE_RECURSION = YES;
				CLANG_WARN_INT_CONVERSION = YES;
				CLANG_WARN_NON_LITERAL_NULL_CONVERSION = YES;
				CLANG_WARN_OBJC_IMPLICIT_RETAIN_SELF = YES;
				CLANG_WARN_OBJC_LITERAL_CONVERSION = YES;
				CLANG_WARN_OBJC_ROOT_CLASS = YES_ERROR;
				CLANG_WARN_QUOTED_INCLUDE_IN_FRAMEWORK_HEADER = YES;
				CLANG_WARN_RANGE_LOOP_ANALYSIS = YES;
				CLANG_WARN_STRICT_PROTOTYPES = YES;
				CLANG_WARN_SUSPICIOUS_MOVE = YES;
				CLANG_WARN_UNGUARDED_AVAILABILITY = YES_AGGRESSIVE;
				CLANG_WARN_UNREACHABLE_CODE = YES;
				CLANG_WARN__DUPLICATE_METHOD_MATCH = YES;
				COPY_PHASE_STRIP = NO;
				DEBUG_INFORMATION_FORMAT = "dwarf-with-dsym";
				DEVELOPMENT_TEAM = RV8UD4KFKA;
				ENABLE_NS_ASSERTIONS = NO;
				ENABLE_STRICT_OBJC_MSGSEND = YES;
				ENABLE_USER_SCRIPT_SANDBOXING = YES;
				GCC_C_LANGUAGE_STANDARD = gnu17;
				GCC_NO_COMMON_BLOCKS = YES;
				GCC_WARN_64_TO_32_BIT_CONVERSION = YES;
				GCC_WARN_ABOUT_RETURN_TYPE = YES_ERROR;
				GCC_WARN_UNDECLARED_SELECTOR = YES;
				GCC_WARN_UNINITIALIZED_AUTOS = YES_AGGRESSIVE;
				GCC_WARN_UNUSED_FUNCTION = YES;
				GCC_WARN_UNUSED_VARIABLE = YES;
				IPHONEOS_DEPLOYMENT_TARGET = 18.4;
				LOCALIZATION_PREFERS_STRING_CATALOGS = YES;
				MTL_ENABLE_DEBUG_INFO = NO;
				MTL_FAST_MATH = YES;
				SDKROOT = iphoneos;
				SWIFT_COMPILATION_MODE = wholemodule;
				VALIDATE_PRODUCT = YES;
			};
			name = Release;
		};
		39BBEC5E2DCF041100D012B5 /* Debug */ = {
			isa = XCBuildConfiguration;
			buildSettings = {
				ASSETCATALOG_COMPILER_APPICON_NAME = AppIcon;
				ASSETCATALOG_COMPILER_GLOBAL_ACCENT_COLOR_NAME = AccentColor;
				CODE_SIGN_STYLE = Automatic;
				CURRENT_PROJECT_VERSION = 1;
				DEVELOPMENT_TEAM = RV8UD4KFKA;
				ENABLE_PREVIEWS = YES;
				GENERATE_INFOPLIST_FILE = YES;
				INFOPLIST_FILE = swiftUITest/Info.plist;
				INFOPLIST_KEY_NSBluetoothAlwaysUsageDescription = "Enable Bluetooth ";
				INFOPLIST_KEY_NSBluetoothPeripheralUsageDescription = "Enable Peripheral Bluetooth";
				INFOPLIST_KEY_UIApplicationSceneManifest_Generation = YES;
				INFOPLIST_KEY_UIApplicationSupportsIndirectInputEvents = YES;
				INFOPLIST_KEY_UILaunchScreen_Generation = YES;
				INFOPLIST_KEY_UISupportedInterfaceOrientations_iPad = "UIInterfaceOrientationPortrait UIInterfaceOrientationPortraitUpsideDown UIInterfaceOrientationLandscapeLeft UIInterfaceOrientationLandscapeRight";
				INFOPLIST_KEY_UISupportedInterfaceOrientations_iPhone = "UIInterfaceOrientationPortrait UIInterfaceOrientationLandscapeLeft UIInterfaceOrientationLandscapeRight";
				LD_RUNPATH_SEARCH_PATHS = (
					"$(inherited)",
					"@executable_path/Frameworks",
				);
				MARKETING_VERSION = 1.0;
				PRODUCT_BUNDLE_IDENTIFIER = me.HRVApp;
				PRODUCT_NAME = "$(TARGET_NAME)";
				SWIFT_EMIT_LOC_STRINGS = YES;
				SWIFT_VERSION = 5.0;
				TARGETED_DEVICE_FAMILY = "1,2";
			};
			name = Debug;
		};
		39BBEC5F2DCF041100D012B5 /* Release */ = {
			isa = XCBuildConfiguration;
			buildSettings = {
				ASSETCATALOG_COMPILER_APPICON_NAME = AppIcon;
				ASSETCATALOG_COMPILER_GLOBAL_ACCENT_COLOR_NAME = AccentColor;
				CODE_SIGN_STYLE = Automatic;
				CURRENT_PROJECT_VERSION = 1;
				DEVELOPMENT_TEAM = RV8UD4KFKA;
				ENABLE_PREVIEWS = YES;
				GENERATE_INFOPLIST_FILE = YES;
				INFOPLIST_FILE = swiftUITest/Info.plist;
				INFOPLIST_KEY_NSBluetoothAlwaysUsageDescription = "Enable Bluetooth ";
				INFOPLIST_KEY_NSBluetoothPeripheralUsageDescription = "Enable Peripheral Bluetooth";
				INFOPLIST_KEY_UIApplicationSceneManifest_Generation = YES;
				INFOPLIST_KEY_UIApplicationSupportsIndirectInputEvents = YES;
				INFOPLIST_KEY_UILaunchScreen_Generation = YES;
				INFOPLIST_KEY_UISupportedInterfaceOrientations_iPad = "UIInterfaceOrientationPortrait UIInterfaceOrientationPortraitUpsideDown UIInterfaceOrientationLandscapeLeft UIInterfaceOrientationLandscapeRight";
				INFOPLIST_KEY_UISupportedInterfaceOrientations_iPhone = "UIInterfaceOrientationPortrait UIInterfaceOrientationLandscapeLeft UIInterfaceOrientationLandscapeRight";
				LD_RUNPATH_SEARCH_PATHS = (
					"$(inherited)",
					"@executable_path/Frameworks",
				);
				MARKETING_VERSION = 1.0;
				PRODUCT_BUNDLE_IDENTIFIER = me.HRVApp;
				PRODUCT_NAME = "$(TARGET_NAME)";
				SWIFT_EMIT_LOC_STRINGS = YES;
				SWIFT_VERSION = 5.0;
				TARGETED_DEVICE_FAMILY = "1,2";
			};
			name = Release;
		};
		39BBEC612DCF041100D012B5 /* Debug */ = {
			isa = XCBuildConfiguration;
			buildSettings = {
				BUNDLE_LOADER = "$(TEST_HOST)";
				CODE_SIGN_STYLE = Automatic;
				CURRENT_PROJECT_VERSION = 1;
				DEVELOPMENT_TEAM = RV8UD4KFKA;
				GENERATE_INFOPLIST_FILE = YES;
				IPHONEOS_DEPLOYMENT_TARGET = 18.4;
				MARKETING_VERSION = 1.0;
				PRODUCT_BUNDLE_IDENTIFIER = me.swiftUITestTests;
				PRODUCT_NAME = "$(TARGET_NAME)";
				SWIFT_EMIT_LOC_STRINGS = NO;
				SWIFT_VERSION = 5.0;
				TARGETED_DEVICE_FAMILY = "1,2";
				TEST_HOST = "$(BUILT_PRODUCTS_DIR)/swiftUITest.app/$(BUNDLE_EXECUTABLE_FOLDER_PATH)/swiftUITest";
			};
			name = Debug;
		};
		39BBEC622DCF041100D012B5 /* Release */ = {
			isa = XCBuildConfiguration;
			buildSettings = {
				BUNDLE_LOADER = "$(TEST_HOST)";
				CODE_SIGN_STYLE = Automatic;
				CURRENT_PROJECT_VERSION = 1;
				DEVELOPMENT_TEAM = RV8UD4KFKA;
				GENERATE_INFOPLIST_FILE = YES;
				IPHONEOS_DEPLOYMENT_TARGET = 18.4;
				MARKETING_VERSION = 1.0;
				PRODUCT_BUNDLE_IDENTIFIER = me.swiftUITestTests;
				PRODUCT_NAME = "$(TARGET_NAME)";
				SWIFT_EMIT_LOC_STRINGS = NO;
				SWIFT_VERSION = 5.0;
				TARGETED_DEVICE_FAMILY = "1,2";
				TEST_HOST = "$(BUILT_PRODUCTS_DIR)/swiftUITest.app/$(BUNDLE_EXECUTABLE_FOLDER_PATH)/swiftUITest";
			};
			name = Release;
		};
		39BBEC642DCF041100D012B5 /* Debug */ = {
			isa = XCBuildConfiguration;
			buildSettings = {
				CODE_SIGN_STYLE = Automatic;
				CURRENT_PROJECT_VERSION = 1;
				DEVELOPMENT_TEAM = RV8UD4KFKA;
				GENERATE_INFOPLIST_FILE = YES;
				MARKETING_VERSION = 1.0;
				PRODUCT_BUNDLE_IDENTIFIER = me.swiftUITestUITests;
				PRODUCT_NAME = "$(TARGET_NAME)";
				SWIFT_EMIT_LOC_STRINGS = NO;
				SWIFT_VERSION = 5.0;
				TARGETED_DEVICE_FAMILY = "1,2";
				TEST_TARGET_NAME = swiftUITest;
			};
			name = Debug;
		};
		39BBEC652DCF041100D012B5 /* Release */ = {
			isa = XCBuildConfiguration;
			buildSettings = {
				CODE_SIGN_STYLE = Automatic;
				CURRENT_PROJECT_VERSION = 1;
				DEVELOPMENT_TEAM = RV8UD4KFKA;
				GENERATE_INFOPLIST_FILE = YES;
				MARKETING_VERSION = 1.0;
				PRODUCT_BUNDLE_IDENTIFIER = me.swiftUITestUITests;
				PRODUCT_NAME = "$(TARGET_NAME)";
				SWIFT_EMIT_LOC_STRINGS = NO;
				SWIFT_VERSION = 5.0;
				TARGETED_DEVICE_FAMILY = "1,2";
				TEST_TARGET_NAME = swiftUITest;
			};
			name = Release;
		};
/* End XCBuildConfiguration section */

/* Begin XCConfigurationList section */
		39BBEC372DCF040D00D012B5 /* Build configuration list for PBXProject "swiftUITest" */ = {
			isa = XCConfigurationList;
			buildConfigurations = (
				39BBEC5B2DCF041100D012B5 /* Debug */,
				39BBEC5C2DCF041100D012B5 /* Release */,
			);
			defaultConfigurationIsVisible = 0;
			defaultConfigurationName = Release;
		};
		39BBEC5D2DCF041100D012B5 /* Build configuration list for PBXNativeTarget "swiftUITest" */ = {
			isa = XCConfigurationList;
			buildConfigurations = (
				39BBEC5E2DCF041100D012B5 /* Debug */,
				39BBEC5F2DCF041100D012B5 /* Release */,
			);
			defaultConfigurationIsVisible = 0;
			defaultConfigurationName = Release;
		};
		39BBEC602DCF041100D012B5 /* Build configuration list for PBXNativeTarget "swiftUITestTests" */ = {
			isa = XCConfigurationList;
			buildConfigurations = (
				39BBEC612DCF041100D012B5 /* Debug */,
				39BBEC622DCF041100D012B5 /* Release */,
			);
			defaultConfigurationIsVisible = 0;
			defaultConfigurationName = Release;
		};
		39BBEC632DCF041100D012B5 /* Build configuration list for PBXNativeTarget "swiftUITestUITests" */ = {
			isa = XCConfigurationList;
			buildConfigurations = (
				39BBEC642DCF041100D012B5 /* Debug */,
				39BBEC652DCF041100D012B5 /* Release */,
			);
			defaultConfigurationIsVisible = 0;
			defaultConfigurationName = Release;
		};
/* End XCConfigurationList section */
	};
	rootObject = 39BBEC342DCF040D00D012B5 /* Project object */;
}
